
Microsoft Visual Studio Solution File, Format Version 12.00
# Visual Studio Version 17
VisualStudioVersion = 17.8.34511.84
MinimumVisualStudioVersion = 10.0.40219.1
Project("{FAE04EC0-301F-11D3-BF4B-00C04F79EFBC}") = "SOA3_Xin_Jascha", "SOA3_Xin_Jascha\SOA3_Xin_Jascha.csproj", "{03F26BCB-033A-47B5-B46C-A3E114A7A6AD}"
EndProject
Project("{FAE04EC0-301F-11D3-BF4B-00C04F79EFBC}") = "Tests", "Tests\Tests.csproj", "{D4A87F40-288A-4071-9581-2F67BEF989F2}"
EndProject
Project("{FAE04EC0-301F-11D3-BF4B-00C04F79EFBC}") = "Domain", "Domain\Domain.csproj", "{B40713C6-619C-475D-9449-581A2C8E0D68}"
EndProject
Global
	GlobalSection(SolutionConfigurationPlatforms) = preSolution
		Debug|Any CPU = Debug|Any CPU
		Release|Any CPU = Release|Any CPU
	EndGlobalSection
	GlobalSection(ProjectConfigurationPlatforms) = postSolution
		{03F26BCB-033A-47B5-B46C-A3E114A7A6AD}.Debug|Any CPU.ActiveCfg = Debug|Any CPU
		{03F26BCB-033A-47B5-B46C-A3E114A7A6AD}.Debug|Any CPU.Build.0 = Debug|Any CPU
		{03F26BCB-033A-47B5-B46C-A3E114A7A6AD}.Release|Any CPU.ActiveCfg = Release|Any CPU
		{03F26BCB-033A-47B5-B46C-A3E114A7A6AD}.Release|Any CPU.Build.0 = Release|Any CPU
		{D4A87F40-288A-4071-9581-2F67BEF989F2}.Debug|Any CPU.ActiveCfg = Debug|Any CPU
		{D4A87F40-288A-4071-9581-2F67BEF989F2}.Debug|Any CPU.Build.0 = Debug|Any CPU
		{D4A87F40-288A-4071-9581-2F67BEF989F2}.Release|Any CPU.ActiveCfg = Release|Any CPU
		{D4A87F40-288A-4071-9581-2F67BEF989F2}.Release|Any CPU.Build.0 = Release|Any CPU
		{B40713C6-619C-475D-9449-581A2C8E0D68}.Debug|Any CPU.ActiveCfg = Debug|Any CPU
		{B40713C6-619C-475D-9449-581A2C8E0D68}.Debug|Any CPU.Build.0 = Debug|Any CPU
		{B40713C6-619C-475D-9449-581A2C8E0D68}.Release|Any CPU.ActiveCfg = Release|Any CPU
		{B40713C6-619C-475D-9449-581A2C8E0D68}.Release|Any CPU.Build.0 = Release|Any CPU
	EndGlobalSection
	GlobalSection(SolutionProperties) = preSolution
		HideSolutionNode = FALSE
	EndGlobalSection
	GlobalSection(ExtensibilityGlobals) = postSolution
		SolutionGuid = {19D629CF-4478-4CAC-97B7-52634DA9B0CF}
	EndGlobalSection
EndGlobal
